// !$*UTF8*$!
{
	archiveVersion = 1;
	classes = {
	};
	objectVersion = 50;
	objects = {

/* Begin PBXBuildFile section */
		B736CA6821B85EFD000518D2 /* EchoServerMto1SCTP.c in Sources */ = {isa = PBXBuildFile; fileRef = B736CA6721B85EFD000518D2 /* EchoServerMto1SCTP.c */; };
		B736CA6C21B85F4A000518D2 /* DieWithError.c in Sources */ = {isa = PBXBuildFile; fileRef = B736CA6B21B85F4A000518D2 /* DieWithError.c */; };
		B736CA6F21B85F7D000518D2 /* libsctp.dylib in Frameworks */ = {isa = PBXBuildFile; fileRef = B736CA6E21B85F7D000518D2 /* libsctp.dylib */; };
/* End PBXBuildFile section */

/* Begin PBXCopyFilesBuildPhase section */
		B736CA4621B85E7D000518D2 /* CopyFiles */ = {
			isa = PBXCopyFilesBuildPhase;
			buildActionMask = 2147483647;
			dstPath = /usr/share/man/man1/;
			dstSubfolderSpec = 0;
			files = (
			);
			runOnlyForDeploymentPostprocessing = 1;
		};
/* End PBXCopyFilesBuildPhase section */

/* Begin PBXFileReference section */
		B736CA4821B85E7D000518D2 /* Lab-7-Part-B-Server */ = {isa = PBXFileReference; explicitFileType = "compiled.mach-o.executable"; includeInIndex = 0; path = "Lab-7-Part-B-Server"; sourceTree = BUILT_PRODUCTS_DIR; };
		B736CA6721B85EFD000518D2 /* EchoServerMto1SCTP.c */ = {isa = PBXFileReference; fileEncoding = 4; lastKnownFileType = sourcecode.c.c; name = EchoServerMto1SCTP.c; path = ../../FIles/EchoServerMto1SCTP.c; sourceTree = "<group>"; };
		B736CA6B21B85F4A000518D2 /* DieWithError.c */ = {isa = PBXFileReference; fileEncoding = 4; lastKnownFileType = sourcecode.c.c; name = DieWithError.c; path = ../../FIles/DieWithError.c; sourceTree = "<group>"; };
		B736CA6E21B85F7D000518D2 /* libsctp.dylib */ = {isa = PBXFileReference; lastKnownFileType = "compiled.mach-o.dylib"; name = libsctp.dylib; path = usr/lib/libsctp.dylib; sourceTree = SDKROOT; };
/* End PBXFileReference section */

/* Begin PBXFrameworksBuildPhase section */
		B736CA4521B85E7D000518D2 /* Frameworks */ = {
			isa = PBXFrameworksBuildPhase;
			buildActionMask = 2147483647;
			files = (
				B736CA6F21B85F7D000518D2 /* libsctp.dylib in Frameworks */,
			);
			runOnlyForDeploymentPostprocessing = 0;
		};
/* End PBXFrameworksBuildPhase section */

/* Begin PBXGroup section */
		B736CA3F21B85E7D000518D2 = {
			isa = PBXGroup;
			children = (
				B736CA4A21B85E7D000518D2 /* Lab-7-Part-B-Server */,
				B736CA4921B85E7D000518D2 /* Products */,
				B736CA6D21B85F7D000518D2 /* Frameworks */,
			);
			sourceTree = "<group>";
		};
		B736CA4921B85E7D000518D2 /* Products */ = {
			isa = PBXGroup;
			children = (
				B736CA4821B85E7D000518D2 /* Lab-7-Part-B-Server */,
			);
			name = Products;
			sourceTree = "<group>";
		};
		B736CA4A21B85E7D000518D2 /* Lab-7-Part-B-Server */ = {
			isa = PBXGroup;
			children = (
				B736CA6B21B85F4A000518D2 /* DieWithError.c */,
				B736CA6721B85EFD000518D2 /* EchoServerMto1SCTP.c */,
			);
			path = "Lab-7-Part-B-Server";
			sourceTree = "<group>";
		};
		B736CA6D21B85F7D000518D2 /* Frameworks */ = {
			isa = PBXGroup;
			children = (
				B736CA6E21B85F7D000518D2 /* libsctp.dylib */,
			);
			name = Frameworks;
			sourceTree = "<group>";
		};
/* End PBXGroup section */

/* Begin PBXNativeTarget section */
		B736CA4721B85E7D000518D2 /* Lab-7-Part-B-Server */ = {
			isa = PBXNativeTarget;
			buildConfigurationList = B736CA4F21B85E7D000518D2 /* Build configuration list for PBXNativeTarget "Lab-7-Part-B-Server" */;
			buildPhases = (
				B736CA4421B85E7D000518D2 /* Sources */,
				B736CA4521B85E7D000518D2 /* Frameworks */,
				B736CA4621B85E7D000518D2 /* CopyFiles */,
			);
			buildRules = (
			);
			dependencies = (
			);
			name = "Lab-7-Part-B-Server";
			productName = "Lab-7-Part-B-Server";
			productReference = B736CA4821B85E7D000518D2 /* Lab-7-Part-B-Server */;
			productType = "com.apple.product-type.tool";
		};
/* End PBXNativeTarget section */

/* Begin PBXProject section */
		B736CA4021B85E7D000518D2 /* Project object */ = {
			isa = PBXProject;
			attributes = {
				LastUpgradeCheck = 0940;
				ORGANIZATIONNAME = SilverTap;
				TargetAttributes = {
					B736CA4721B85E7D000518D2 = {
						CreatedOnToolsVersion = 9.4.1;
					};
				};
			};
			buildConfigurationList = B736CA4321B85E7D000518D2 /* Build configuration list for PBXProject "Lab-7-Part-B-Server" */;
			compatibilityVersion = "Xcode 9.3";
			developmentRegion = en;
			hasScannedForEncodings = 0;
			knownRegions = (
				en,
			);
			mainGroup = B736CA3F21B85E7D000518D2;
			productRefGroup = B736CA4921B85E7D000518D2 /* Products */;
			projectDirPath = "";
			projectRoot = "";
			targets = (
				B736CA4721B85E7D000518D2 /* Lab-7-Part-B-Server */,
			);
		};
/* End PBXProject section */

/* Begin PBXSourcesBuildPhase section */
		B736CA4421B85E7D000518D2 /* Sources */ = {
			isa = PBXSourcesBuildPhase;
			buildActionMask = 2147483647;
			files = (
				B736CA6821B85EFD000518D2 /* EchoServerMto1SCTP.c in Sources */,
				B736CA6C21B85F4A000518D2 /* DieWithError.c in Sources */,
			);
			runOnlyForDeploymentPostprocessing = 0;
		};
/* End PBXSourcesBuildPhase section */

/* Begin XCBuildConfiguration section */
		B736CA4D21B85E7D000518D2 /* Debug */ = {
			isa = XCBuildConfiguration;
			buildSettings = {
				ALWAYS_SEARCH_USER_PATHS = NO;
				CLANG_ANALYZER_NONNULL = YES;
				CLANG_ANALYZER_NUMBER_OBJECT_CONVERSION = YES_AGGRESSIVE;
				CLANG_CXX_LANGUAGE_STANDARD = "gnu++14";
				CLANG_CXX_LIBRARY = "libc++";
				CLANG_ENABLE_MODULES = YES;
				CLANG_ENABLE_OBJC_ARC = YES;
				CLANG_ENABLE_OBJC_WEAK = YES;
				CLANG_WARN_BLOCK_CAPTURE_AUTORELEASING = YES;
				CLANG_WARN_BOOL_CONVERSION = YES;
				CLANG_WARN_COMMA = YES;
				CLANG_WARN_CONSTANT_CONVERSION = YES;
				CLANG_WARN_DEPRECATED_OBJC_IMPLEMENTATIONS = YES;
				CLANG_WARN_DIRECT_OBJC_ISA_USAGE = YES_ERROR;
				CLANG_WARN_DOCUMENTATION_COMMENTS = YES;
				CLANG_WARN_EMPTY_BODY = YES;
				CLANG_WARN_ENUM_CONVERSION = YES;
				CLANG_WARN_INFINITE_RECURSION = YES;
				CLANG_WARN_INT_CONVERSION = YES;
				CLANG_WARN_NON_LITERAL_NULL_CONVERSION = YES;
				CLANG_WARN_OBJC_IMPLICIT_RETAIN_SELF = YES;
				CLANG_WARN_OBJC_LITERAL_CONVERSION = YES;
				CLANG_WARN_OBJC_ROOT_CLASS = YES_ERROR;
				CLANG_WARN_RANGE_LOOP_ANALYSIS = YES;
				CLANG_WARN_STRICT_PROTOTYPES = YES;
				CLANG_WARN_SUSPICIOUS_MOVE = YES;
				CLANG_WARN_UNGUARDED_AVAILABILITY = YES_AGGRESSIVE;
				CLANG_WARN_UNREACHABLE_CODE = YES;
				CLANG_WARN__DUPLICATE_METHOD_MATCH = YES;
				CODE_SIGN_IDENTITY = "Mac Developer";
				COPY_PHASE_STRIP = NO;
				DEBUG_INFORMATION_FORMAT = dwarf;
				ENABLE_STRICT_OBJC_MSGSEND = YES;
				ENABLE_TESTABILITY = YES;
				GCC_C_LANGUAGE_STANDARD = gnu11;
				GCC_DYNAMIC_NO_PIC = NO;
				GCC_NO_COMMON_BLOCKS = YES;
				GCC_OPTIMIZATION_LEVEL = 0;
				GCC_PREPROCESSOR_DEFINITIONS = (
					"DEBUG=1",
					"$(inherited)",
				);
				GCC_WARN_64_TO_32_BIT_CONVERSION = YES;
				GCC_WARN_ABOUT_RETURN_TYPE = YES_ERROR;
				GCC_WARN_UNDECLARED_SELECTOR = YES;
				GCC_WARN_UNINITIALIZED_AUTOS = YES_AGGRESSIVE;
				GCC_WARN_UNUSED_FUNCTION = YES;
				GCC_WARN_UNUSED_VARIABLE = YES;
				MACOSX_DEPLOYMENT_TARGET = 10.13;
				MTL_ENABLE_DEBUG_INFO = YES;
				ONLY_ACTIVE_ARCH = YES;
				SDKROOT = macosx;
			};
			name = Debug;
		};
		B736CA4E21B85E7D000518D2 /* Release */ = {
			isa = XCBuildConfiguration;
			buildSettings = {
				ALWAYS_SEARCH_USER_PATHS = NO;
				CLANG_ANALYZER_NONNULL = YES;
				CLANG_ANALYZER_NUMBER_OBJECT_CONVERSION = YES_AGGRESSIVE;
				CLANG_CXX_LANGUAGE_STANDARD = "gnu++14";
				CLANG_CXX_LIBRARY = "libc++";
				CLANG_ENABLE_MODULES = YES;
				CLANG_ENABLE_OBJC_ARC = YES;
				CLANG_ENABLE_OBJC_WEAK = YES;
				CLANG_WARN_BLOCK_CAPTURE_AUTORELEASING = YES;
				CLANG_WARN_BOOL_CONVERSION = YES;
				CLANG_WARN_COMMA = YES;
				CLANG_WARN_CONSTANT_CONVERSION = YES;
				CLANG_WARN_DEPRECATED_OBJC_IMPLEMENTATIONS = YES;
				CLANG_WARN_DIRECT_OBJC_ISA_USAGE = YES_ERROR;
				CLANG_WARN_DOCUMENTATION_COMMENTS = YES;
				CLANG_WARN_EMPTY_BODY = YES;
				CLANG_WARN_ENUM_CONVERSION = YES;
				CLANG_WARN_INFINITE_RECURSION = YES;
				CLANG_WARN_INT_CONVERSION = YES;
				CLANG_WARN_NON_LITERAL_NULL_CONVERSION = YES;
				CLANG_WARN_OBJC_IMPLICIT_RETAIN_SELF = YES;
				CLANG_WARN_OBJC_LITERAL_CONVERSION = YES;
				CLANG_WARN_OBJC_ROOT_CLASS = YES_ERROR;
				CLANG_WARN_RANGE_LOOP_ANALYSIS = YES;
				CLANG_WARN_STRICT_PROTOTYPES = YES;
				CLANG_WARN_SUSPICIOUS_MOVE = YES;
				CLANG_WARN_UNGUARDED_AVAILABILITY = YES_AGGRESSIVE;
				CLANG_WARN_UNREACHABLE_CODE = YES;
				CLANG_WARN__DUPLICATE_METHOD_MATCH = YES;
				CODE_SIGN_IDENTITY = "Mac Developer";
				COPY_PHASE_STRIP = NO;
				DEBUG_INFORMATION_FORMAT = "dwarf-with-dsym";
				ENABLE_NS_ASSERTIONS = NO;
				ENABLE_STRICT_OBJC_MSGSEND = YES;
				GCC_C_LANGUAGE_STANDARD = gnu11;
				GCC_NO_COMMON_BLOCKS = YES;
				GCC_WARN_64_TO_32_BIT_CONVERSION = YES;
				GCC_WARN_ABOUT_RETURN_TYPE = YES_ERROR;
				GCC_WARN_UNDECLARED_SELECTOR = YES;
				GCC_WARN_UNINITIALIZED_AUTOS = YES_AGGRESSIVE;
				GCC_WARN_UNUSED_FUNCTION = YES;
				GCC_WARN_UNUSED_VARIABLE = YES;
				MACOSX_DEPLOYMENT_TARGET = 10.13;
				MTL_ENABLE_DEBUG_INFO = NO;
				SDKROOT = macosx;
			};
			name = Release;
		};
		B736CA5021B85E7D000518D2 /* Debug */ = {
			isa = XCBuildConfiguration;
			buildSettings = {
				CODE_SIGN_STYLE = Automatic;
				DEVELOPMENT_TEAM = 2U2K8SJ7Q7;
				PRODUCT_NAME = "$(TARGET_NAME)";
			};
			name = Debug;
		};
		B736CA5121B85E7D000518D2 /* Release */ = {
			isa = XCBuildConfiguration;
			buildSettings = {
				CODE_SIGN_STYLE = Automatic;
				DEVELOPMENT_TEAM = 2U2K8SJ7Q7;
				PRODUCT_NAME = "$(TARGET_NAME)";
			};
			name = Release;
		};
/* End XCBuildConfiguration section */

/* Begin XCConfigurationList section */
		B736CA4321B85E7D000518D2 /* Build configuration list for PBXProject "Lab-7-Part-B-Server" */ = {
			isa = XCConfigurationList;
			buildConfigurations = (
				B736CA4D21B85E7D000518D2 /* Debug */,
				B736CA4E21B85E7D000518D2 /* Release */,
			);
			defaultConfigurationIsVisible = 0;
			defaultConfigurationName = Release;
		};
		B736CA4F21B85E7D000518D2 /* Build configuration list for PBXNativeTarget "Lab-7-Part-B-Server" */ = {
			isa = XCConfigurationList;
			buildConfigurations = (
				B736CA5021B85E7D000518D2 /* Debug */,
				B736CA5121B85E7D000518D2 /* Release */,
			);
			defaultConfigurationIsVisible = 0;
			defaultConfigurationName = Release;
		};
/* End XCConfigurationList section */
	};
	rootObject = B736CA4021B85E7D000518D2 /* Project object */;
}
