// !$*UTF8*$!
{
	archiveVersion = 1;
	classes = {
	};
	objectVersion = 50;
	objects = {

/* Begin PBXBuildFile section */
		100AAED9219E78EA0023B699 /* main.c in Sources */ = {isa = PBXBuildFile; fileRef = 100AAED8219E78EA0023B699 /* main.c */; };
		100AAEE0219E7DCD0023B699 /* DieWithError.c in Sources */ = {isa = PBXBuildFile; fileRef = 100AAEDF219E7DCD0023B699 /* DieWithError.c */; };
		10356DCA21A36DF600FC0716 /* CaesarCipher.c in Sources */ = {isa = PBXBuildFile; fileRef = 10356DC921A36DF600FC0716 /* CaesarCipher.c */; };
/* End PBXBuildFile section */

/* Begin PBXCopyFilesBuildPhase section */
		100AAED3219E78EA0023B699 /* CopyFiles */ = {
			isa = PBXCopyFilesBuildPhase;
			buildActionMask = 2147483647;
			dstPath = /usr/share/man/man1/;
			dstSubfolderSpec = 0;
			files = (
			);
			runOnlyForDeploymentPostprocessing = 1;
		};
/* End PBXCopyFilesBuildPhase section */

/* Begin PBXFileReference section */
		100AAED5219E78EA0023B699 /* Project-1-Server */ = {isa = PBXFileReference; explicitFileType = "compiled.mach-o.executable"; includeInIndex = 0; path = "Project-1-Server"; sourceTree = BUILT_PRODUCTS_DIR; };
		100AAED8219E78EA0023B699 /* main.c */ = {isa = PBXFileReference; lastKnownFileType = sourcecode.c.c; path = main.c; sourceTree = "<group>"; };
		100AAEDF219E7DCD0023B699 /* DieWithError.c */ = {isa = PBXFileReference; fileEncoding = 4; lastKnownFileType = sourcecode.c.c; path = DieWithError.c; sourceTree = "<group>"; };
		10356DC621A3473500FC0716 /* Quote_File.txt */ = {isa = PBXFileReference; lastKnownFileType = text; path = Quote_File.txt; sourceTree = "<group>"; };
		10356DC921A36DF600FC0716 /* CaesarCipher.c */ = {isa = PBXFileReference; fileEncoding = 4; lastKnownFileType = sourcecode.c.c; path = CaesarCipher.c; sourceTree = "<group>"; };
		10BE441321AB3ACE00FFB80C /* Country_DB.csv */ = {isa = PBXFileReference; lastKnownFileType = text; path = Country_DB.csv; sourceTree = "<group>"; };
/* End PBXFileReference section */

/* Begin PBXFrameworksBuildPhase section */
		100AAED2219E78EA0023B699 /* Frameworks */ = {
			isa = PBXFrameworksBuildPhase;
			buildActionMask = 2147483647;
			files = (
			);
			runOnlyForDeploymentPostprocessing = 0;
		};
/* End PBXFrameworksBuildPhase section */

/* Begin PBXGroup section */
		100AAECC219E78EA0023B699 = {
			isa = PBXGroup;
			children = (
				100AAED7219E78EA0023B699 /* Project-1-Server */,
				100AAED6219E78EA0023B699 /* Products */,
			);
			sourceTree = "<group>";
		};
		100AAED6219E78EA0023B699 /* Products */ = {
			isa = PBXGroup;
			children = (
				100AAED5219E78EA0023B699 /* Project-1-Server */,
			);
			name = Products;
			sourceTree = "<group>";
		};
		100AAED7219E78EA0023B699 /* Project-1-Server */ = {
			isa = PBXGroup;
			children = (
				100AAEDF219E7DCD0023B699 /* DieWithError.c */,
				10BE441321AB3ACE00FFB80C /* Country_DB.csv */,
				100AAED8219E78EA0023B699 /* main.c */,
				10356DC621A3473500FC0716 /* Quote_File.txt */,
				10356DC921A36DF600FC0716 /* CaesarCipher.c */,
			);
			path = "Project-1-Server";
			sourceTree = "<group>";
		};
/* End PBXGroup section */

/* Begin PBXNativeTarget section */
		100AAED4219E78EA0023B699 /* Project-1-Server */ = {
			isa = PBXNativeTarget;
			buildConfigurationList = 100AAEDC219E78EA0023B699 /* Build configuration list for PBXNativeTarget "Project-1-Server" */;
			buildPhases = (
				100AAED1219E78EA0023B699 /* Sources */,
				100AAED2219E78EA0023B699 /* Frameworks */,
				100AAED3219E78EA0023B699 /* CopyFiles */,
			);
			buildRules = (
			);
			dependencies = (
			);
			name = "Project-1-Server";
			productName = "Project-1-Server";
			productReference = 100AAED5219E78EA0023B699 /* Project-1-Server */;
			productType = "com.apple.product-type.tool";
		};
/* End PBXNativeTarget section */

/* Begin PBXProject section */
		100AAECD219E78EA0023B699 /* Project object */ = {
			isa = PBXProject;
			attributes = {
				LastUpgradeCheck = 1010;
				ORGANIZATIONNAME = Silvertap;
				TargetAttributes = {
					100AAED4219E78EA0023B699 = {
						CreatedOnToolsVersion = 10.1;
					};
				};
			};
			buildConfigurationList = 100AAED0219E78EA0023B699 /* Build configuration list for PBXProject "Project-1-Server" */;
			compatibilityVersion = "Xcode 9.3";
			developmentRegion = en;
			hasScannedForEncodings = 0;
			knownRegions = (
				en,
			);
			mainGroup = 100AAECC219E78EA0023B699;
			productRefGroup = 100AAED6219E78EA0023B699 /* Products */;
			projectDirPath = "";
			projectRoot = "";
			targets = (
				100AAED4219E78EA0023B699 /* Project-1-Server */,
			);
		};
/* End PBXProject section */

/* Begin PBXSourcesBuildPhase section */
		100AAED1219E78EA0023B699 /* Sources */ = {
			isa = PBXSourcesBuildPhase;
			buildActionMask = 2147483647;
			files = (
				100AAED9219E78EA0023B699 /* main.c in Sources */,
				10356DCA21A36DF600FC0716 /* CaesarCipher.c in Sources */,
				100AAEE0219E7DCD0023B699 /* DieWithError.c in Sources */,
			);
			runOnlyForDeploymentPostprocessing = 0;
		};
/* End PBXSourcesBuildPhase section */

/* Begin XCBuildConfiguration section */
		100AAEDA219E78EA0023B699 /* Debug */ = {
			isa = XCBuildConfiguration;
			buildSettings = {
				ALWAYS_SEARCH_USER_PATHS = NO;
				CLANG_ANALYZER_NONNULL = YES;
				CLANG_ANALYZER_NUMBER_OBJECT_CONVERSION = YES_AGGRESSIVE;
				CLANG_CXX_LANGUAGE_STANDARD = "gnu++14";
				CLANG_CXX_LIBRARY = "libc++";
				CLANG_ENABLE_MODULES = YES;
				CLANG_ENABLE_OBJC_ARC = YES;
				CLANG_ENABLE_OBJC_WEAK = YES;
				CLANG_WARN_BLOCK_CAPTURE_AUTORELEASING = YES;
				CLANG_WARN_BOOL_CONVERSION = YES;
				CLANG_WARN_COMMA = YES;
				CLANG_WARN_CONSTANT_CONVERSION = YES;
				CLANG_WARN_DEPRECATED_OBJC_IMPLEMENTATIONS = YES;
				CLANG_WARN_DIRECT_OBJC_ISA_USAGE = YES_ERROR;
				CLANG_WARN_DOCUMENTATION_COMMENTS = YES;
				CLANG_WARN_EMPTY_BODY = YES;
				CLANG_WARN_ENUM_CONVERSION = YES;
				CLANG_WARN_INFINITE_RECURSION = YES;
				CLANG_WARN_INT_CONVERSION = YES;
				CLANG_WARN_NON_LITERAL_NULL_CONVERSION = YES;
				CLANG_WARN_OBJC_IMPLICIT_RETAIN_SELF = YES;
				CLANG_WARN_OBJC_LITERAL_CONVERSION = YES;
				CLANG_WARN_OBJC_ROOT_CLASS = YES_ERROR;
				CLANG_WARN_RANGE_LOOP_ANALYSIS = YES;
				CLANG_WARN_STRICT_PROTOTYPES = YES;
				CLANG_WARN_SUSPICIOUS_MOVE = YES;
				CLANG_WARN_UNGUARDED_AVAILABILITY = YES_AGGRESSIVE;
				CLANG_WARN_UNREACHABLE_CODE = YES;
				CLANG_WARN__DUPLICATE_METHOD_MATCH = YES;
				CODE_SIGN_IDENTITY = "Mac Developer";
				COPY_PHASE_STRIP = NO;
				DEBUG_INFORMATION_FORMAT = dwarf;
				ENABLE_STRICT_OBJC_MSGSEND = YES;
				ENABLE_TESTABILITY = YES;
				GCC_C_LANGUAGE_STANDARD = gnu11;
				GCC_DYNAMIC_NO_PIC = NO;
				GCC_NO_COMMON_BLOCKS = YES;
				GCC_OPTIMIZATION_LEVEL = 0;
				GCC_PREPROCESSOR_DEFINITIONS = (
					"DEBUG=1",
					"$(inherited)",
				);
				GCC_WARN_64_TO_32_BIT_CONVERSION = YES;
				GCC_WARN_ABOUT_RETURN_TYPE = YES_ERROR;
				GCC_WARN_UNDECLARED_SELECTOR = YES;
				GCC_WARN_UNINITIALIZED_AUTOS = YES_AGGRESSIVE;
				GCC_WARN_UNUSED_FUNCTION = YES;
				GCC_WARN_UNUSED_VARIABLE = YES;
				MACOSX_DEPLOYMENT_TARGET = 10.14;
				MTL_ENABLE_DEBUG_INFO = INCLUDE_SOURCE;
				MTL_FAST_MATH = YES;
				ONLY_ACTIVE_ARCH = YES;
				SDKROOT = macosx;
			};
			name = Debug;
		};
		100AAEDB219E78EA0023B699 /* Release */ = {
			isa = XCBuildConfiguration;
			buildSettings = {
				ALWAYS_SEARCH_USER_PATHS = NO;
				CLANG_ANALYZER_NONNULL = YES;
				CLANG_ANALYZER_NUMBER_OBJECT_CONVERSION = YES_AGGRESSIVE;
				CLANG_CXX_LANGUAGE_STANDARD = "gnu++14";
				CLANG_CXX_LIBRARY = "libc++";
				CLANG_ENABLE_MODULES = YES;
				CLANG_ENABLE_OBJC_ARC = YES;
				CLANG_ENABLE_OBJC_WEAK = YES;
				CLANG_WARN_BLOCK_CAPTURE_AUTORELEASING = YES;
				CLANG_WARN_BOOL_CONVERSION = YES;
				CLANG_WARN_COMMA = YES;
				CLANG_WARN_CONSTANT_CONVERSION = YES;
				CLANG_WARN_DEPRECATED_OBJC_IMPLEMENTATIONS = YES;
				CLANG_WARN_DIRECT_OBJC_ISA_USAGE = YES_ERROR;
				CLANG_WARN_DOCUMENTATION_COMMENTS = YES;
				CLANG_WARN_EMPTY_BODY = YES;
				CLANG_WARN_ENUM_CONVERSION = YES;
				CLANG_WARN_INFINITE_RECURSION = YES;
				CLANG_WARN_INT_CONVERSION = YES;
				CLANG_WARN_NON_LITERAL_NULL_CONVERSION = YES;
				CLANG_WARN_OBJC_IMPLICIT_RETAIN_SELF = YES;
				CLANG_WARN_OBJC_LITERAL_CONVERSION = YES;
				CLANG_WARN_OBJC_ROOT_CLASS = YES_ERROR;
				CLANG_WARN_RANGE_LOOP_ANALYSIS = YES;
				CLANG_WARN_STRICT_PROTOTYPES = YES;
				CLANG_WARN_SUSPICIOUS_MOVE = YES;
				CLANG_WARN_UNGUARDED_AVAILABILITY = YES_AGGRESSIVE;
				CLANG_WARN_UNREACHABLE_CODE = YES;
				CLANG_WARN__DUPLICATE_METHOD_MATCH = YES;
				CODE_SIGN_IDENTITY = "Mac Developer";
				COPY_PHASE_STRIP = NO;
				DEBUG_INFORMATION_FORMAT = "dwarf-with-dsym";
				ENABLE_NS_ASSERTIONS = NO;
				ENABLE_STRICT_OBJC_MSGSEND = YES;
				GCC_C_LANGUAGE_STANDARD = gnu11;
				GCC_NO_COMMON_BLOCKS = YES;
				GCC_WARN_64_TO_32_BIT_CONVERSION = YES;
				GCC_WARN_ABOUT_RETURN_TYPE = YES_ERROR;
				GCC_WARN_UNDECLARED_SELECTOR = YES;
				GCC_WARN_UNINITIALIZED_AUTOS = YES_AGGRESSIVE;
				GCC_WARN_UNUSED_FUNCTION = YES;
				GCC_WARN_UNUSED_VARIABLE = YES;
				MACOSX_DEPLOYMENT_TARGET = 10.14;
				MTL_ENABLE_DEBUG_INFO = NO;
				MTL_FAST_MATH = YES;
				SDKROOT = macosx;
			};
			name = Release;
		};
		100AAEDD219E78EA0023B699 /* Debug */ = {
			isa = XCBuildConfiguration;
			buildSettings = {
				CODE_SIGN_STYLE = Automatic;
				DEVELOPMENT_TEAM = 2U2K8SJ7Q7;
				PRODUCT_NAME = "$(TARGET_NAME)";
			};
			name = Debug;
		};
		100AAEDE219E78EA0023B699 /* Release */ = {
			isa = XCBuildConfiguration;
			buildSettings = {
				CODE_SIGN_STYLE = Automatic;
				DEVELOPMENT_TEAM = 2U2K8SJ7Q7;
				PRODUCT_NAME = "$(TARGET_NAME)";
			};
			name = Release;
		};
/* End XCBuildConfiguration section */

/* Begin XCConfigurationList section */
		100AAED0219E78EA0023B699 /* Build configuration list for PBXProject "Project-1-Server" */ = {
			isa = XCConfigurationList;
			buildConfigurations = (
				100AAEDA219E78EA0023B699 /* Debug */,
				100AAEDB219E78EA0023B699 /* Release */,
			);
			defaultConfigurationIsVisible = 0;
			defaultConfigurationName = Release;
		};
		100AAEDC219E78EA0023B699 /* Build configuration list for PBXNativeTarget "Project-1-Server" */ = {
			isa = XCConfigurationList;
			buildConfigurations = (
				100AAEDD219E78EA0023B699 /* Debug */,
				100AAEDE219E78EA0023B699 /* Release */,
			);
			defaultConfigurationIsVisible = 0;
			defaultConfigurationName = Release;
		};
/* End XCConfigurationList section */
	};
	rootObject = 100AAECD219E78EA0023B699 /* Project object */;
}
